
Microsoft Visual Studio Solution File, Format Version 12.00
# Visual Studio Version 16
VisualStudioVersion = 16.0.30717.126
MinimumVisualStudioVersion = 10.0.40219.1
Project("{FAE04EC0-301F-11D3-BF4B-00C04F79EFBC}") = "The Ledger Co", "The Ledger Co.csproj", "{F35591A0-2726-4545-9E6E-A84D429106B0}"
EndProject
Global
	GlobalSection(SolutionConfigurationPlatforms) = preSolution
		Debug|Any CPU = Debug|Any CPU
		Release|Any CPU = Release|Any CPU
	EndGlobalSection
	GlobalSection(ProjectConfigurationPlatforms) = postSolution
		{F35591A0-2726-4545-9E6E-A84D429106B0}.Debug|Any CPU.ActiveCfg = Debug|Any CPU
		{F35591A0-2726-4545-9E6E-A84D429106B0}.Debug|Any CPU.Build.0 = Debug|Any CPU
		{F35591A0-2726-4545-9E6E-A84D429106B0}.Release|Any CPU.ActiveCfg = Release|Any CPU
		{F35591A0-2726-4545-9E6E-A84D429106B0}.Release|Any CPU.Build.0 = Release|Any CPU
	EndGlobalSection
	GlobalSection(SolutionProperties) = preSolution
		HideSolutionNode = FALSE
	EndGlobalSection
	GlobalSection(ExtensibilityGlobals) = postSolution
		SolutionGuid = {F91F2589-F3EB-4FC6-8744-941D5F18F8F3}
	EndGlobalSection
EndGlobal
